// !$*UTF8*$!
{
	archiveVersion = 1;
	classes = {
	};
	objectVersion = 77;
	objects = {

/* Begin PBXBuildFile section */
		0B378C547F12199B13A4441B /* PageTestProbe.swift in Sources */ = {isa = PBXBuildFile; fileRef = E330AC7D7E44DC67CC602785 /* PageTestProbe.swift */; };
		0D5A02D46D0122A622298A74 /* ActivationCoordinator.swift in Sources */ = {isa = PBXBuildFile; fileRef = 0C34AB424D5AF0AE055AF24D /* ActivationCoordinator.swift */; };
		25C2502D95D0B5D76D7B1074 /* FolderProbe.swift in Sources */ = {isa = PBXBuildFile; fileRef = DD3B97AB82BA34BFBECBC19A /* FolderProbe.swift */; };
		401B68E8866EB99900FE74A1 /* SourcesProbe.swift in Sources */ = {isa = PBXBuildFile; fileRef = 6E84932645B8B51425FF3EA5 /* SourcesProbe.swift */; };
		40267ECAAC0CD44BA23BFD9F /* DiagnosticRunner.swift in Sources */ = {isa = PBXBuildFile; fileRef = F2B7C15B26E035D2F86D16C6 /* DiagnosticRunner.swift */; };
		41F580BE145D8D7248580D9B /* GridProbe.swift in Sources */ = {isa = PBXBuildFile; fileRef = A8DB7EDB939C825095D4B69F /* GridProbe.swift */; };
		48E665E349277229DE1CA8D7 /* ThreeFingerProbe.swift in Sources */ = {isa = PBXBuildFile; fileRef = 1C2AB3A60C689596001DB5D2 /* ThreeFingerProbe.swift */; };
		4B4DA07E558E44CB0E148630 /* AppDelegate.swift in Sources */ = {isa = PBXBuildFile; fileRef = 977BB904E1D1E96A25A079FC /* AppDelegate.swift */; };
		5DFA92948154CC32FFCDD121 /* DragProbe.swift in Sources */ = {isa = PBXBuildFile; fileRef = A777C8C802C7A13E24A11B75 /* DragProbe.swift */; };
		623AF1DA518CCD1D5543165C /* SettingsOwnershipProbe.swift in Sources */ = {isa = PBXBuildFile; fileRef = 78F8C351EFDEDDC0E57529CC /* SettingsOwnershipProbe.swift */; };
		675955509B1028D0217C78C8 /* IconProbe.swift in Sources */ = {isa = PBXBuildFile; fileRef = A0FFF73145C9A2D72A52E604 /* IconProbe.swift */; };
		6C94E77306BCF04C683B5052 /* ThreeFingerDragCoordinator.swift in Sources */ = {isa = PBXBuildFile; fileRef = A257A4CDFADF5CB520111144 /* ThreeFingerDragCoordinator.swift */; };
		78FF293876DA8791FD534F60 /* LaunchCore in Frameworks */ = {isa = PBXBuildFile; productRef = 022C22583EB95E8DB7E533DA /* LaunchCore */; };
		79B6670C538DFA802D10D915 /* SearchProbe.swift in Sources */ = {isa = PBXBuildFile; fileRef = 41D011887390646903EE3FD2 /* SearchProbe.swift */; };
		7C08D416C24B4866D93AFBE0 /* HotCornerProbe.swift in Sources */ = {isa = PBXBuildFile; fileRef = 82E562164F9BB08DB2E906F3 /* HotCornerProbe.swift */; };
		7EC4DE81DB3A1D130A9760D8 /* AppLibraryShotProbe.swift in Sources */ = {isa = PBXBuildFile; fileRef = 295B833ECF1DA4688AB5EC53 /* AppLibraryShotProbe.swift */; };
		97CAF62410D849C74D1ED8FE /* LaunchUI in Frameworks */ = {isa = PBXBuildFile; productRef = BFBADDC8868444DA8FEB4241 /* LaunchUI */; };
		A6AA30F397E682609E5C3255 /* PagingProbe.swift in Sources */ = {isa = PBXBuildFile; fileRef = 1B4157109522440A6D3DE67B /* PagingProbe.swift */; };
		B7E21D5A8C4F09A31D6E5F72 /* PagingScrollProbe.swift in Sources */ = {isa = PBXBuildFile; fileRef = 9C3D8E27F6B4A5180E7C2D91 /* PagingScrollProbe.swift */; };
		AA11BB22CC33DD44EE55FF01 /* PageCompositorProbe.swift in Sources */ = {isa = PBXBuildFile; fileRef = AA11BB22CC33DD44EE55FF02 /* PageCompositorProbe.swift */; };
		A1B2C3D4E5F60718A9B0C1D2 /* PagingEventTraceProbe.swift in Sources */ = {isa = PBXBuildFile; fileRef = C9E7B3A1D2F40485A6B7C8D9 /* PagingEventTraceProbe.swift */; };
		E2F3A4B5C6D70819E0F1A2B3 /* PagingStressProbe.swift in Sources */ = {isa = PBXBuildFile; fileRef = D1F2A3B4C5D60789E0F1A2B3 /* PagingStressProbe.swift */; };
		BB5EC826ACB1AF62EE21847B /* IconImageAdapter.swift in Sources */ = {isa = PBXBuildFile; fileRef = 5E4FB7BAF0189E406E0361FE /* IconImageAdapter.swift */; };
		C7367F5C43E434A600DE07D2 /* LauncherStore.swift in Sources */ = {isa = PBXBuildFile; fileRef = 3667895D56B49968ADB46248 /* LauncherStore.swift */; };
		D787CB7DB7A8142C2793057B /* main.swift in Sources */ = {isa = PBXBuildFile; fileRef = 7F48F69D4EFE02FA4BFC2085 /* main.swift */; };
		DA5D6E4F4DB95EE94074FB1C /* SettingsShotProbe.swift in Sources */ = {isa = PBXBuildFile; fileRef = 81C0075A1B63A8F22F018945 /* SettingsShotProbe.swift */; };
		EB542672D892D265B3724B18 /* LayoutProbe.swift in Sources */ = {isa = PBXBuildFile; fileRef = FE7E4CA496431AA25E487527 /* LayoutProbe.swift */; };
		F0D06B4E758A2F503166B24E /* LauncherWindowCoordinator.swift in Sources */ = {isa = PBXBuildFile; fileRef = 5363485EFF16DF98D8CCB975 /* LauncherWindowCoordinator.swift */; };
		F4C47C4D35D85CD8B30FE3FB /* DependencyContainer.swift in Sources */ = {isa = PBXBuildFile; fileRef = 780898346943FE4934897076 /* DependencyContainer.swift */; };
		F6C191167A2E4213B4251D81 /* LaunchPlatform in Frameworks */ = {isa = PBXBuildFile; productRef = 42E253C8CB0BA5EF8315FC9C /* LaunchPlatform */; };
		F8D3BA3975E69CD862B869D8 /* SmokeProbe.swift in Sources */ = {isa = PBXBuildFile; fileRef = FE80D899386FA134055791B3 /* SmokeProbe.swift */; };
/* End PBXBuildFile section */

/* Begin PBXFileReference section */
		0C34AB424D5AF0AE055AF24D /* ActivationCoordinator.swift */ = {isa = PBXFileReference; lastKnownFileType = sourcecode.swift; path = ActivationCoordinator.swift; sourceTree = "<group>"; };
		1B4157109522440A6D3DE67B /* PagingProbe.swift */ = {isa = PBXFileReference; lastKnownFileType = sourcecode.swift; path = PagingProbe.swift; sourceTree = "<group>"; };
		1C0358A5F6E9CB51041CDA05 /* LaunchBetter.app */ = {isa = PBXFileReference; explicitFileType = wrapper.application; includeInIndex = 0; path = LaunchBetter.app; sourceTree = BUILT_PRODUCTS_DIR; };
		1C2AB3A60C689596001DB5D2 /* ThreeFingerProbe.swift */ = {isa = PBXFileReference; lastKnownFileType = sourcecode.swift; path = ThreeFingerProbe.swift; sourceTree = "<group>"; };
		235188B815031EAF73866B6E /* LaunchCore */ = {isa = PBXFileReference; lastKnownFileType = folder; name = LaunchCore; path = Packages/LaunchCore; sourceTree = SOURCE_ROOT; };
		295B833ECF1DA4688AB5EC53 /* AppLibraryShotProbe.swift */ = {isa = PBXFileReference; lastKnownFileType = sourcecode.swift; path = AppLibraryShotProbe.swift; sourceTree = "<group>"; };
		2E5C03AE4C8FD32073D5091C /* LaunchPlatform */ = {isa = PBXFileReference; lastKnownFileType = folder; name = LaunchPlatform; path = Packages/LaunchPlatform; sourceTree = SOURCE_ROOT; };
		3667895D56B49968ADB46248 /* LauncherStore.swift */ = {isa = PBXFileReference; lastKnownFileType = sourcecode.swift; path = LauncherStore.swift; sourceTree = "<group>"; };
		41D011887390646903EE3FD2 /* SearchProbe.swift */ = {isa = PBXFileReference; lastKnownFileType = sourcecode.swift; path = SearchProbe.swift; sourceTree = "<group>"; };
		5363485EFF16DF98D8CCB975 /* LauncherWindowCoordinator.swift */ = {isa = PBXFileReference; lastKnownFileType = sourcecode.swift; path = LauncherWindowCoordinator.swift; sourceTree = "<group>"; };
		5E4FB7BAF0189E406E0361FE /* IconImageAdapter.swift */ = {isa = PBXFileReference; lastKnownFileType = sourcecode.swift; path = IconImageAdapter.swift; sourceTree = "<group>"; };
		6E84932645B8B51425FF3EA5 /* SourcesProbe.swift */ = {isa = PBXFileReference; lastKnownFileType = sourcecode.swift; path = SourcesProbe.swift; sourceTree = "<group>"; };
		780898346943FE4934897076 /* DependencyContainer.swift */ = {isa = PBXFileReference; lastKnownFileType = sourcecode.swift; path = DependencyContainer.swift; sourceTree = "<group>"; };
		78F8C351EFDEDDC0E57529CC /* SettingsOwnershipProbe.swift */ = {isa = PBXFileReference; lastKnownFileType = sourcecode.swift; path = SettingsOwnershipProbe.swift; sourceTree = "<group>"; };
		7F48F69D4EFE02FA4BFC2085 /* main.swift */ = {isa = PBXFileReference; lastKnownFileType = sourcecode.swift; path = main.swift; sourceTree = "<group>"; };
		81C0075A1B63A8F22F018945 /* SettingsShotProbe.swift */ = {isa = PBXFileReference; lastKnownFileType = sourcecode.swift; path = SettingsShotProbe.swift; sourceTree = "<group>"; };
		82E562164F9BB08DB2E906F3 /* HotCornerProbe.swift */ = {isa = PBXFileReference; lastKnownFileType = sourcecode.swift; path = HotCornerProbe.swift; sourceTree = "<group>"; };
		977BB904E1D1E96A25A079FC /* AppDelegate.swift */ = {isa = PBXFileReference; lastKnownFileType = sourcecode.swift; path = AppDelegate.swift; sourceTree = "<group>"; };
		A07D65125EC0696A81DDDC45 /* LaunchUI */ = {isa = PBXFileReference; lastKnownFileType = folder; name = LaunchUI; path = Packages/LaunchUI; sourceTree = SOURCE_ROOT; };
		A0FFF73145C9A2D72A52E604 /* IconProbe.swift */ = {isa = PBXFileReference; lastKnownFileType = sourcecode.swift; path = IconProbe.swift; sourceTree = "<group>"; };
		A257A4CDFADF5CB520111144 /* ThreeFingerDragCoordinator.swift */ = {isa = PBXFileReference; lastKnownFileType = sourcecode.swift; path = ThreeFingerDragCoordinator.swift; sourceTree = "<group>"; };
		A777C8C802C7A13E24A11B75 /* DragProbe.swift */ = {isa = PBXFileReference; lastKnownFileType = sourcecode.swift; path = DragProbe.swift; sourceTree = "<group>"; };
		A8DB7EDB939C825095D4B69F /* GridProbe.swift */ = {isa = PBXFileReference; lastKnownFileType = sourcecode.swift; path = GridProbe.swift; sourceTree = "<group>"; };
		DD3B97AB82BA34BFBECBC19A /* FolderProbe.swift */ = {isa = PBXFileReference; lastKnownFileType = sourcecode.swift; path = FolderProbe.swift; sourceTree = "<group>"; };
		E330AC7D7E44DC67CC602785 /* PageTestProbe.swift */ = {isa = PBXFileReference; lastKnownFileType = sourcecode.swift; path = PageTestProbe.swift; sourceTree = "<group>"; };
		F2B7C15B26E035D2F86D16C6 /* DiagnosticRunner.swift */ = {isa = PBXFileReference; lastKnownFileType = sourcecode.swift; path = DiagnosticRunner.swift; sourceTree = "<group>"; };
		9C3D8E27F6B4A5180E7C2D91 /* PagingScrollProbe.swift */ = {isa = PBXFileReference; lastKnownFileType = sourcecode.swift; path = PagingScrollProbe.swift; sourceTree = "<group>"; };
		AA11BB22CC33DD44EE55FF02 /* PageCompositorProbe.swift */ = {isa = PBXFileReference; lastKnownFileType = sourcecode.swift; path = PageCompositorProbe.swift; sourceTree = "<group>"; };
		C9E7B3A1D2F40485A6B7C8D9 /* PagingEventTraceProbe.swift */ = {isa = PBXFileReference; lastKnownFileType = sourcecode.swift; path = PagingEventTraceProbe.swift; sourceTree = "<group>"; };
		D1F2A3B4C5D60789E0F1A2B3 /* PagingStressProbe.swift */ = {isa = PBXFileReference; lastKnownFileType = sourcecode.swift; path = PagingStressProbe.swift; sourceTree = "<group>"; };
		FE7E4CA496431AA25E487527 /* LayoutProbe.swift */ = {isa = PBXFileReference; lastKnownFileType = sourcecode.swift; path = LayoutProbe.swift; sourceTree = "<group>"; };
		FE80D899386FA134055791B3 /* SmokeProbe.swift */ = {isa = PBXFileReference; lastKnownFileType = sourcecode.swift; path = SmokeProbe.swift; sourceTree = "<group>"; };
/* End PBXFileReference section */

/* Begin PBXFrameworksBuildPhase section */
		1D16558E98F81336DEDDD5E4 /* Frameworks */ = {
			isa = PBXFrameworksBuildPhase;
			buildActionMask = 2147483647;
			files = (
				78FF293876DA8791FD534F60 /* LaunchCore in Frameworks */,
				F6C191167A2E4213B4251D81 /* LaunchPlatform in Frameworks */,
				97CAF62410D849C74D1ED8FE /* LaunchUI in Frameworks */,
			);
			runOnlyForDeploymentPostprocessing = 0;
		};
/* End PBXFrameworksBuildPhase section */

/* Begin PBXGroup section */
		4EBECC24E607DDDD81C8617B /* LaunchBetterApp */ = {
			isa = PBXGroup;
			children = (
				0C34AB424D5AF0AE055AF24D /* ActivationCoordinator.swift */,
				977BB904E1D1E96A25A079FC /* AppDelegate.swift */,
				780898346943FE4934897076 /* DependencyContainer.swift */,
				5E4FB7BAF0189E406E0361FE /* IconImageAdapter.swift */,
				3667895D56B49968ADB46248 /* LauncherStore.swift */,
				5363485EFF16DF98D8CCB975 /* LauncherWindowCoordinator.swift */,
				7F48F69D4EFE02FA4BFC2085 /* main.swift */,
				A257A4CDFADF5CB520111144 /* ThreeFingerDragCoordinator.swift */,
				DB1F4E0841A48F3174228F9B /* Diagnostics */,
			);
			path = LaunchBetterApp;
			sourceTree = "<group>";
		};
		7AA6DA357D360EDA246454F4 /* Packages */ = {
			isa = PBXGroup;
			children = (
				235188B815031EAF73866B6E /* LaunchCore */,
				2E5C03AE4C8FD32073D5091C /* LaunchPlatform */,
				A07D65125EC0696A81DDDC45 /* LaunchUI */,
			);
			path = Packages;
			sourceTree = "<group>";
		};
		A73127EB18552818244E3A76 /* Products */ = {
			isa = PBXGroup;
			children = (
				1C0358A5F6E9CB51041CDA05 /* LaunchBetter.app */,
			);
			name = Products;
			sourceTree = "<group>";
		};
		DB1F4E0841A48F3174228F9B /* Diagnostics */ = {
			isa = PBXGroup;
			children = (
				295B833ECF1DA4688AB5EC53 /* AppLibraryShotProbe.swift */,
				F2B7C15B26E035D2F86D16C6 /* DiagnosticRunner.swift */,
				A777C8C802C7A13E24A11B75 /* DragProbe.swift */,
				DD3B97AB82BA34BFBECBC19A /* FolderProbe.swift */,
				A8DB7EDB939C825095D4B69F /* GridProbe.swift */,
				82E562164F9BB08DB2E906F3 /* HotCornerProbe.swift */,
				A0FFF73145C9A2D72A52E604 /* IconProbe.swift */,
				FE7E4CA496431AA25E487527 /* LayoutProbe.swift */,
				E330AC7D7E44DC67CC602785 /* PageTestProbe.swift */,
				1B4157109522440A6D3DE67B /* PagingProbe.swift */,
				AA11BB22CC33DD44EE55FF02 /* PageCompositorProbe.swift */,
				9C3D8E27F6B4A5180E7C2D91 /* PagingScrollProbe.swift */,
				C9E7B3A1D2F40485A6B7C8D9 /* PagingEventTraceProbe.swift */,
				D1F2A3B4C5D60789E0F1A2B3 /* PagingStressProbe.swift */,
				41D011887390646903EE3FD2 /* SearchProbe.swift */,
				78F8C351EFDEDDC0E57529CC /* SettingsOwnershipProbe.swift */,
				81C0075A1B63A8F22F018945 /* SettingsShotProbe.swift */,
				FE80D899386FA134055791B3 /* SmokeProbe.swift */,
				6E84932645B8B51425FF3EA5 /* SourcesProbe.swift */,
				1C2AB3A60C689596001DB5D2 /* ThreeFingerProbe.swift */,
			);
			path = Diagnostics;
			sourceTree = "<group>";
		};
		FC19D9FEB69D2E45A62EA8B8 = {
			isa = PBXGroup;
			children = (
				4EBECC24E607DDDD81C8617B /* LaunchBetterApp */,
				7AA6DA357D360EDA246454F4 /* Packages */,
				A73127EB18552818244E3A76 /* Products */,
			);
			sourceTree = "<group>";
		};
/* End PBXGroup section */

/* Begin PBXNativeTarget section */
		776C12C4863AB3AC3014C4C1 /* LaunchBetter */ = {
			isa = PBXNativeTarget;
			buildConfigurationList = CAC47EF5367C93499FAD926B /* Build configuration list for PBXNativeTarget "LaunchBetter" */;
			buildPhases = (
				665F03D59143A4DEA0315D30 /* Sources */,
				1D16558E98F81336DEDDD5E4 /* Frameworks */,
			);
			buildRules = (
			);
			dependencies = (
			);
			name = LaunchBetter;
			packageProductDependencies = (
				022C22583EB95E8DB7E533DA /* LaunchCore */,
				42E253C8CB0BA5EF8315FC9C /* LaunchPlatform */,
				BFBADDC8868444DA8FEB4241 /* LaunchUI */,
			);
			productName = LaunchBetter;
			productReference = 1C0358A5F6E9CB51041CDA05 /* LaunchBetter.app */;
			productType = "com.apple.product-type.application";
		};
/* End PBXNativeTarget section */

/* Begin PBXProject section */
		9BCA9AEEB615104731EBF211 /* Project object */ = {
			isa = PBXProject;
			attributes = {
				BuildIndependentTargetsInParallel = YES;
				LastUpgradeCheck = 2600;
				TargetAttributes = {
					776C12C4863AB3AC3014C4C1 = {
						ProvisioningStyle = Automatic;
					};
				};
			};
			buildConfigurationList = B260F959F2F8F241EA7280BC /* Build configuration list for PBXProject "LaunchBetter" */;
			developmentRegion = en;
			hasScannedForEncodings = 0;
			knownRegions = (
				Base,
				en,
			);
			mainGroup = FC19D9FEB69D2E45A62EA8B8;
			minimizedProjectReferenceProxies = 1;
			packageReferences = (
				0E977C523B3B752ADC2AF77A /* XCLocalSwiftPackageReference "Packages/LaunchCore" */,
				C1B541F3B3147848B9753D34 /* XCLocalSwiftPackageReference "Packages/LaunchPlatform" */,
				13A9D22449526BAA7285978D /* XCLocalSwiftPackageReference "Packages/LaunchUI" */,
			);
			preferredProjectObjectVersion = 77;
			productRefGroup = A73127EB18552818244E3A76 /* Products */;
			projectDirPath = "";
			projectRoot = "";
			targets = (
				776C12C4863AB3AC3014C4C1 /* LaunchBetter */,
			);
		};
/* End PBXProject section */

/* Begin PBXSourcesBuildPhase section */
		665F03D59143A4DEA0315D30 /* Sources */ = {
			isa = PBXSourcesBuildPhase;
			buildActionMask = 2147483647;
			files = (
				0D5A02D46D0122A622298A74 /* ActivationCoordinator.swift in Sources */,
				4B4DA07E558E44CB0E148630 /* AppDelegate.swift in Sources */,
				7EC4DE81DB3A1D130A9760D8 /* AppLibraryShotProbe.swift in Sources */,
				F4C47C4D35D85CD8B30FE3FB /* DependencyContainer.swift in Sources */,
				40267ECAAC0CD44BA23BFD9F /* DiagnosticRunner.swift in Sources */,
				5DFA92948154CC32FFCDD121 /* DragProbe.swift in Sources */,
				25C2502D95D0B5D76D7B1074 /* FolderProbe.swift in Sources */,
				41F580BE145D8D7248580D9B /* GridProbe.swift in Sources */,
				7C08D416C24B4866D93AFBE0 /* HotCornerProbe.swift in Sources */,
				BB5EC826ACB1AF62EE21847B /* IconImageAdapter.swift in Sources */,
				675955509B1028D0217C78C8 /* IconProbe.swift in Sources */,
				C7367F5C43E434A600DE07D2 /* LauncherStore.swift in Sources */,
				F0D06B4E758A2F503166B24E /* LauncherWindowCoordinator.swift in Sources */,
				EB542672D892D265B3724B18 /* LayoutProbe.swift in Sources */,
				0B378C547F12199B13A4441B /* PageTestProbe.swift in Sources */,
				A6AA30F397E682609E5C3255 /* PagingProbe.swift in Sources */,
				AA11BB22CC33DD44EE55FF01 /* PageCompositorProbe.swift in Sources */,
				B7E21D5A8C4F09A31D6E5F72 /* PagingScrollProbe.swift in Sources */,
				A1B2C3D4E5F60718A9B0C1D2 /* PagingEventTraceProbe.swift in Sources */,
				E2F3A4B5C6D70819E0F1A2B3 /* PagingStressProbe.swift in Sources */,
				79B6670C538DFA802D10D915 /* SearchProbe.swift in Sources */,
				623AF1DA518CCD1D5543165C /* SettingsOwnershipProbe.swift in Sources */,
				DA5D6E4F4DB95EE94074FB1C /* SettingsShotProbe.swift in Sources */,
				F8D3BA3975E69CD862B869D8 /* SmokeProbe.swift in Sources */,
				401B68E8866EB99900FE74A1 /* SourcesProbe.swift in Sources */,
				6C94E77306BCF04C683B5052 /* ThreeFingerDragCoordinator.swift in Sources */,
				48E665E349277229DE1CA8D7 /* ThreeFingerProbe.swift in Sources */,
				D787CB7DB7A8142C2793057B /* main.swift in Sources */,
			);
			runOnlyForDeploymentPostprocessing = 0;
		};
/* End PBXSourcesBuildPhase section */

/* Begin XCBuildConfiguration section */
		0B0F591F64B0D00D31E451D2 /* Release */ = {
			isa = XCBuildConfiguration;
			buildSettings = {
				ALWAYS_SEARCH_USER_PATHS = NO;
				CLANG_ANALYZER_NONNULL = YES;
				CLANG_ANALYZER_NUMBER_OBJECT_CONVERSION = YES_AGGRESSIVE;
				CLANG_CXX_LANGUAGE_STANDARD = "gnu++14";
				CLANG_CXX_LIBRARY = "libc++";
				CLANG_ENABLE_MODULES = YES;
				CLANG_ENABLE_OBJC_ARC = YES;
				CLANG_ENABLE_OBJC_WEAK = YES;
				CLANG_WARN_BLOCK_CAPTURE_AUTORELEASING = YES;
				CLANG_WARN_BOOL_CONVERSION = YES;
				CLANG_WARN_COMMA = YES;
				CLANG_WARN_CONSTANT_CONVERSION = YES;
				CLANG_WARN_DEPRECATED_OBJC_IMPLEMENTATIONS = YES;
				CLANG_WARN_DIRECT_OBJC_ISA_USAGE = YES_ERROR;
				CLANG_WARN_DOCUMENTATION_COMMENTS = YES;
				CLANG_WARN_EMPTY_BODY = YES;
				CLANG_WARN_ENUM_CONVERSION = YES;
				CLANG_WARN_INFINITE_RECURSION = YES;
				CLANG_WARN_INT_CONVERSION = YES;
				CLANG_WARN_NON_LITERAL_NULL_CONVERSION = YES;
				CLANG_WARN_OBJC_IMPLICIT_RETAIN_SELF = YES;
				CLANG_WARN_OBJC_LITERAL_CONVERSION = YES;
				CLANG_WARN_OBJC_ROOT_CLASS = YES_ERROR;
				CLANG_WARN_QUOTED_INCLUDE_IN_FRAMEWORK_HEADER = YES;
				CLANG_WARN_RANGE_LOOP_ANALYSIS = YES;
				CLANG_WARN_STRICT_PROTOTYPES = YES;
				CLANG_WARN_SUSPICIOUS_MOVE = YES;
				CLANG_WARN_UNGUARDED_AVAILABILITY = YES_AGGRESSIVE;
				CLANG_WARN_UNREACHABLE_CODE = YES;
				CLANG_WARN__DUPLICATE_METHOD_MATCH = YES;
				COPY_PHASE_STRIP = NO;
				DEBUG_INFORMATION_FORMAT = "dwarf-with-dsym";
				ENABLE_NS_ASSERTIONS = NO;
				ENABLE_STRICT_OBJC_MSGSEND = YES;
				GCC_C_LANGUAGE_STANDARD = gnu11;
				GCC_NO_COMMON_BLOCKS = YES;
				GCC_WARN_64_TO_32_BIT_CONVERSION = YES;
				GCC_WARN_ABOUT_RETURN_TYPE = YES_ERROR;
				GCC_WARN_UNDECLARED_SELECTOR = YES;
				GCC_WARN_UNINITIALIZED_AUTOS = YES_AGGRESSIVE;
				GCC_WARN_UNUSED_FUNCTION = YES;
				GCC_WARN_UNUSED_VARIABLE = YES;
				MACOSX_DEPLOYMENT_TARGET = 14.0;
				MTL_ENABLE_DEBUG_INFO = NO;
				MTL_FAST_MATH = YES;
				PRODUCT_NAME = "$(TARGET_NAME)";
				SDKROOT = macosx;
				SWIFT_COMPILATION_MODE = wholemodule;
				SWIFT_OPTIMIZATION_LEVEL = "-O";
				SWIFT_VERSION = 5.0;
			};
			name = Release;
		};
		0BF448783C65A4435669BB7B /* Debug */ = {
			isa = XCBuildConfiguration;
			buildSettings = {
				ASSETCATALOG_COMPILER_APPICON_NAME = AppIcon;
				CODE_SIGN_IDENTITY = "-";
				CODE_SIGN_STYLE = Automatic;
				COMBINE_HIDPI_IMAGES = YES;
				ENABLE_HARDENED_RUNTIME = YES;
				GENERATE_INFOPLIST_FILE = YES;
				INFOPLIST_KEY_CFBundleDisplayName = LaunchBetter;
				INFOPLIST_KEY_LSApplicationCategoryType = "public.app-category.productivity";
				INFOPLIST_KEY_NSHumanReadableCopyright = "GPL-3.0";
				LD_RUNPATH_SEARCH_PATHS = (
					"$(inherited)",
					"@executable_path/../Frameworks",
				);
				MACOSX_DEPLOYMENT_TARGET = 14.0;
				PRODUCT_BUNDLE_IDENTIFIER = dev.launchbetter.LaunchBetter;
				SDKROOT = macosx;
				SWIFT_VERSION = 6.0;
			};
			name = Debug;
		};
		336A54ECE602AAF8ECF451DB /* Debug */ = {
			isa = XCBuildConfiguration;
			buildSettings = {
				ALWAYS_SEARCH_USER_PATHS = NO;
				CLANG_ANALYZER_NONNULL = YES;
				CLANG_ANALYZER_NUMBER_OBJECT_CONVERSION = YES_AGGRESSIVE;
				CLANG_CXX_LANGUAGE_STANDARD = "gnu++14";
				CLANG_CXX_LIBRARY = "libc++";
				CLANG_ENABLE_MODULES = YES;
				CLANG_ENABLE_OBJC_ARC = YES;
				CLANG_ENABLE_OBJC_WEAK = YES;
				CLANG_WARN_BLOCK_CAPTURE_AUTORELEASING = YES;
				CLANG_WARN_BOOL_CONVERSION = YES;
				CLANG_WARN_COMMA = YES;
				CLANG_WARN_CONSTANT_CONVERSION = YES;
				CLANG_WARN_DEPRECATED_OBJC_IMPLEMENTATIONS = YES;
				CLANG_WARN_DIRECT_OBJC_ISA_USAGE = YES_ERROR;
				CLANG_WARN_DOCUMENTATION_COMMENTS = YES;
				CLANG_WARN_EMPTY_BODY = YES;
				CLANG_WARN_ENUM_CONVERSION = YES;
				CLANG_WARN_INFINITE_RECURSION = YES;
				CLANG_WARN_INT_CONVERSION = YES;
				CLANG_WARN_NON_LITERAL_NULL_CONVERSION = YES;
				CLANG_WARN_OBJC_IMPLICIT_RETAIN_SELF = YES;
				CLANG_WARN_OBJC_LITERAL_CONVERSION = YES;
				CLANG_WARN_OBJC_ROOT_CLASS = YES_ERROR;
				CLANG_WARN_QUOTED_INCLUDE_IN_FRAMEWORK_HEADER = YES;
				CLANG_WARN_RANGE_LOOP_ANALYSIS = YES;
				CLANG_WARN_STRICT_PROTOTYPES = YES;
				CLANG_WARN_SUSPICIOUS_MOVE = YES;
				CLANG_WARN_UNGUARDED_AVAILABILITY = YES_AGGRESSIVE;
				CLANG_WARN_UNREACHABLE_CODE = YES;
				CLANG_WARN__DUPLICATE_METHOD_MATCH = YES;
				COPY_PHASE_STRIP = NO;
				DEBUG_INFORMATION_FORMAT = dwarf;
				ENABLE_STRICT_OBJC_MSGSEND = YES;
				ENABLE_TESTABILITY = YES;
				GCC_C_LANGUAGE_STANDARD = gnu11;
				GCC_DYNAMIC_NO_PIC = NO;
				GCC_NO_COMMON_BLOCKS = YES;
				GCC_OPTIMIZATION_LEVEL = 0;
				GCC_PREPROCESSOR_DEFINITIONS = (
					"$(inherited)",
					"DEBUG=1",
				);
				GCC_WARN_64_TO_32_BIT_CONVERSION = YES;
				GCC_WARN_ABOUT_RETURN_TYPE = YES_ERROR;
				GCC_WARN_UNDECLARED_SELECTOR = YES;
				GCC_WARN_UNINITIALIZED_AUTOS = YES_AGGRESSIVE;
				GCC_WARN_UNUSED_FUNCTION = YES;
				GCC_WARN_UNUSED_VARIABLE = YES;
				MACOSX_DEPLOYMENT_TARGET = 14.0;
				MTL_ENABLE_DEBUG_INFO = INCLUDE_SOURCE;
				MTL_FAST_MATH = YES;
				ONLY_ACTIVE_ARCH = YES;
				PRODUCT_NAME = "$(TARGET_NAME)";
				SDKROOT = macosx;
				SWIFT_ACTIVE_COMPILATION_CONDITIONS = DEBUG;
				SWIFT_OPTIMIZATION_LEVEL = "-Onone";
				SWIFT_VERSION = 5.0;
			};
			name = Debug;
		};
		7075FAC491B3A36CC1C7A91D /* Release */ = {
			isa = XCBuildConfiguration;
			buildSettings = {
				ASSETCATALOG_COMPILER_APPICON_NAME = AppIcon;
				CODE_SIGN_IDENTITY = "-";
				CODE_SIGN_STYLE = Automatic;
				COMBINE_HIDPI_IMAGES = YES;
				ENABLE_HARDENED_RUNTIME = YES;
				GENERATE_INFOPLIST_FILE = YES;
				INFOPLIST_KEY_CFBundleDisplayName = LaunchBetter;
				INFOPLIST_KEY_LSApplicationCategoryType = "public.app-category.productivity";
				INFOPLIST_KEY_NSHumanReadableCopyright = "GPL-3.0";
				LD_RUNPATH_SEARCH_PATHS = (
					"$(inherited)",
					"@executable_path/../Frameworks",
				);
				MACOSX_DEPLOYMENT_TARGET = 14.0;
				PRODUCT_BUNDLE_IDENTIFIER = dev.launchbetter.LaunchBetter;
				SDKROOT = macosx;
				SWIFT_VERSION = 6.0;
			};
			name = Release;
		};
/* End XCBuildConfiguration section */

/* Begin XCConfigurationList section */
		B260F959F2F8F241EA7280BC /* Build configuration list for PBXProject "LaunchBetter" */ = {
			isa = XCConfigurationList;
			buildConfigurations = (
				336A54ECE602AAF8ECF451DB /* Debug */,
				0B0F591F64B0D00D31E451D2 /* Release */,
			);
			defaultConfigurationIsVisible = 0;
			defaultConfigurationName = Debug;
		};
		CAC47EF5367C93499FAD926B /* Build configuration list for PBXNativeTarget "LaunchBetter" */ = {
			isa = XCConfigurationList;
			buildConfigurations = (
				0BF448783C65A4435669BB7B /* Debug */,
				7075FAC491B3A36CC1C7A91D /* Release */,
			);
			defaultConfigurationIsVisible = 0;
			defaultConfigurationName = Debug;
		};
/* End XCConfigurationList section */

/* Begin XCLocalSwiftPackageReference section */
		0E977C523B3B752ADC2AF77A /* XCLocalSwiftPackageReference "Packages/LaunchCore" */ = {
			isa = XCLocalSwiftPackageReference;
			relativePath = Packages/LaunchCore;
		};
		13A9D22449526BAA7285978D /* XCLocalSwiftPackageReference "Packages/LaunchUI" */ = {
			isa = XCLocalSwiftPackageReference;
			relativePath = Packages/LaunchUI;
		};
		C1B541F3B3147848B9753D34 /* XCLocalSwiftPackageReference "Packages/LaunchPlatform" */ = {
			isa = XCLocalSwiftPackageReference;
			relativePath = Packages/LaunchPlatform;
		};
/* End XCLocalSwiftPackageReference section */

/* Begin XCSwiftPackageProductDependency section */
		022C22583EB95E8DB7E533DA /* LaunchCore */ = {
			isa = XCSwiftPackageProductDependency;
			productName = LaunchCore;
		};
		42E253C8CB0BA5EF8315FC9C /* LaunchPlatform */ = {
			isa = XCSwiftPackageProductDependency;
			productName = LaunchPlatform;
		};
		BFBADDC8868444DA8FEB4241 /* LaunchUI */ = {
			isa = XCSwiftPackageProductDependency;
			productName = LaunchUI;
		};
/* End XCSwiftPackageProductDependency section */
	};
	rootObject = 9BCA9AEEB615104731EBF211 /* Project object */;
}
